{
    "_readme": [
        "This file locks the dependencies of your project to a known state",
        "Read more about it at https://getcomposer.org/doc/01-basic-usage.md#composer-lock-the-lock-file",
        "This file is @generated automatically"
    ],
    "hash": "2f2942634cc267caf93b5daeecec5955",
    "content-hash": "4247c048279fbe7d6f68f6567b43a290",
    "packages": [
        {
            "name": "barttyrant/php_genderize",
            "version": "dev-master",
            "source": {
                "type": "git",
                "url": "https://github.com/barttyrant/php_genderize.git",
                "reference": "89a39e2988797a08f1b3b1e67fdcc9b60f49b737"
            },
            "dist": {
                "type": "zip",
                "url": "https://api.github.com/repos/barttyrant/php_genderize/zipball/89a39e2988797a08f1b3b1e67fdcc9b60f49b737",
                "reference": "89a39e2988797a08f1b3b1e67fdcc9b60f49b737",
                "shasum": ""
            },
            "require": {
                "php": ">=5.3.0"
            },
            "type": "library",
            "autoload": {
                "psr-4": {
                    "Genderize\\": "src/"
                }
            },
            "notification-url": "https://packagist.org/downloads/",
            "authors": [
                {
                    "name": "Bartek Tyranowski",
                    "email": "bartek.tyranowski@picodi.com"
                }
            ],
            "description": "Genderize.io handler for PHP",
            "time": "2016-08-23 09:31:44"
        }
    ],
    "packages-dev": [],
    "aliases": [],
    "minimum-stability": "dev",
    "stability-flags": {
        "barttyrant/php_genderize": 20
    },
    "prefer-stable": false,
    "prefer-lowest": false,
    "platform": [],
    "platform-dev": []
}
